// !$*UTF8*$!
{
	archiveVersion = 1;
	classes = {
	};
	objectVersion = 46;
	objects = {

/* Begin PBXBuildFile section */
		C42BD3771BCF664C00D841C0 /* main.m in Sources */ = {isa = PBXBuildFile; fileRef = C42BD3761BCF664C00D841C0 /* main.m */; };
		C42BD37A1BCF664C00D841C0 /* AppDelegate.m in Sources */ = {isa = PBXBuildFile; fileRef = C42BD3791BCF664C00D841C0 /* AppDelegate.m */; };
		C42BD37D1BCF664C00D841C0 /* ViewController.m in Sources */ = {isa = PBXBuildFile; fileRef = C42BD37C1BCF664C00D841C0 /* ViewController.m */; };
		C42BD3801BCF664C00D841C0 /* Main.storyboard in Resources */ = {isa = PBXBuildFile; fileRef = C42BD37E1BCF664C00D841C0 /* Main.storyboard */; };
		C42BD3821BCF664C00D841C0 /* Images.xcassets in Resources */ = {isa = PBXBuildFile; fileRef = C42BD3811BCF664C00D841C0 /* Images.xcassets */; };
		C42BD3851BCF664C00D841C0 /* LaunchScreen.xib in Resources */ = {isa = PBXBuildFile; fileRef = C42BD3831BCF664C00D841C0 /* LaunchScreen.xib */; };
		C42BD3911BCF664C00D841C0 /* plistTests.m in Sources */ = {isa = PBXBuildFile; fileRef = C42BD3901BCF664C00D841C0 /* plistTests.m */; };
		C42BD39C1BCF674E00D841C0 /* JDState.plist in Resources */ = {isa = PBXBuildFile; fileRef = C42BD39B1BCF674E00D841C0 /* JDState.plist */; };
/* End PBXBuildFile section */

/* Begin PBXContainerItemProxy section */
		C42BD38B1BCF664C00D841C0 /* PBXContainerItemProxy */ = {
			isa = PBXContainerItemProxy;
			containerPortal = C42BD3691BCF664C00D841C0 /* Project object */;
			proxyType = 1;
			remoteGlobalIDString = C42BD3701BCF664C00D841C0;
			remoteInfo = plist;
		};
/* End PBXContainerItemProxy section */

/* Begin PBXFileReference section */
		C42BD3711BCF664C00D841C0 /* plist.app */ = {isa = PBXFileReference; explicitFileType = wrapper.application; includeInIndex = 0; path = plist.app; sourceTree = BUILT_PRODUCTS_DIR; };
		C42BD3751BCF664C00D841C0 /* Info.plist */ = {isa = PBXFileReference; lastKnownFileType = text.plist.xml; path = Info.plist; sourceTree = "<group>"; };
		C42BD3761BCF664C00D841C0 /* main.m */ = {isa = PBXFileReference; lastKnownFileType = sourcecode.c.objc; path = main.m; sourceTree = "<group>"; };
		C42BD3781BCF664C00D841C0 /* AppDelegate.h */ = {isa = PBXFileReference; lastKnownFileType = sourcecode.c.h; path = AppDelegate.h; sourceTree = "<group>"; };
		C42BD3791BCF664C00D841C0 /* AppDelegate.m */ = {isa = PBXFileReference; lastKnownFileType = sourcecode.c.objc; path = AppDelegate.m; sourceTree = "<group>"; };
		C42BD37B1BCF664C00D841C0 /* ViewController.h */ = {isa = PBXFileReference; lastKnownFileType = sourcecode.c.h; path = ViewController.h; sourceTree = "<group>"; };
		C42BD37C1BCF664C00D841C0 /* ViewController.m */ = {isa = PBXFileReference; lastKnownFileType = sourcecode.c.objc; path = ViewController.m; sourceTree = "<group>"; };
		C42BD37F1BCF664C00D841C0 /* Base */ = {isa = PBXFileReference; lastKnownFileType = file.storyboard; name = Base; path = Base.lproj/Main.storyboard; sourceTree = "<group>"; };
		C42BD3811BCF664C00D841C0 /* Images.xcassets */ = {isa = PBXFileReference; lastKnownFileType = folder.assetcatalog; path = Images.xcassets; sourceTree = "<group>"; };
		C42BD3841BCF664C00D841C0 /* Base */ = {isa = PBXFileReference; lastKnownFileType = file.xib; name = Base; path = Base.lproj/LaunchScreen.xib; sourceTree = "<group>"; };
		C42BD38A1BCF664C00D841C0 /* plistTests.xctest */ = {isa = PBXFileReference; explicitFileType = wrapper.cfbundle; includeInIndex = 0; path = plistTests.xctest; sourceTree = BUILT_PRODUCTS_DIR; };
		C42BD38F1BCF664C00D841C0 /* Info.plist */ = {isa = PBXFileReference; lastKnownFileType = text.plist.xml; path = Info.plist; sourceTree = "<group>"; };
		C42BD3901BCF664C00D841C0 /* plistTests.m */ = {isa = PBXFileReference; lastKnownFileType = sourcecode.c.objc; path = plistTests.m; sourceTree = "<group>"; };
		C42BD39B1BCF674E00D841C0 /* JDState.plist */ = {isa = PBXFileReference; fileEncoding = 4; lastKnownFileType = text.plist.xml; path = JDState.plist; sourceTree = "<group>"; };
/* End PBXFileReference section */

/* Begin PBXFrameworksBuildPhase section */
		C42BD36E1BCF664C00D841C0 /* Frameworks */ = {
			isa = PBXFrameworksBuildPhase;
			buildActionMask = 2147483647;
			files = (
			);
			runOnlyForDeploymentPostprocessing = 0;
		};
		C42BD3871BCF664C00D841C0 /* Frameworks */ = {
			isa = PBXFrameworksBuildPhase;
			buildActionMask = 2147483647;
			files = (
			);
			runOnlyForDeploymentPostprocessing = 0;
		};
/* End PBXFrameworksBuildPhase section */

/* Begin PBXGroup section */
		C42BD3681BCF664C00D841C0 = {
			isa = PBXGroup;
			children = (
				C42BD3731BCF664C00D841C0 /* plist */,
				C42BD38D1BCF664C00D841C0 /* plistTests */,
				C42BD3721BCF664C00D841C0 /* Products */,
			);
			sourceTree = "<group>";
		};
		C42BD3721BCF664C00D841C0 /* Products */ = {
			isa = PBXGroup;
			children = (
				C42BD3711BCF664C00D841C0 /* plist.app */,
				C42BD38A1BCF664C00D841C0 /* plistTests.xctest */,
			);
			name = Products;
			sourceTree = "<group>";
		};
		C42BD3731BCF664C00D841C0 /* plist */ = {
			isa = PBXGroup;
			children = (
				C42BD39A1BCF673F00D841C0 /* iPhonePlists */,
				C42BD3781BCF664C00D841C0 /* AppDelegate.h */,
				C42BD3791BCF664C00D841C0 /* AppDelegate.m */,
				C42BD37B1BCF664C00D841C0 /* ViewController.h */,
				C42BD37C1BCF664C00D841C0 /* ViewController.m */,
				C42BD37E1BCF664C00D841C0 /* Main.storyboard */,
				C42BD3811BCF664C00D841C0 /* Images.xcassets */,
				C42BD3831BCF664C00D841C0 /* LaunchScreen.xib */,
				C42BD3741BCF664C00D841C0 /* Supporting Files */,
			);
			path = plist;
			sourceTree = "<group>";
		};
		C42BD3741BCF664C00D841C0 /* Supporting Files */ = {
			isa = PBXGroup;
			children = (
				C42BD3751BCF664C00D841C0 /* Info.plist */,
				C42BD3761BCF664C00D841C0 /* main.m */,
			);
			name = "Supporting Files";
			sourceTree = "<group>";
		};
		C42BD38D1BCF664C00D841C0 /* plistTests */ = {
			isa = PBXGroup;
			children = (
				C42BD3901BCF664C00D841C0 /* plistTests.m */,
				C42BD38E1BCF664C00D841C0 /* Supporting Files */,
			);
			path = plistTests;
			sourceTree = "<group>";
		};
		C42BD38E1BCF664C00D841C0 /* Supporting Files */ = {
			isa = PBXGroup;
			children = (
				C42BD38F1BCF664C00D841C0 /* Info.plist */,
			);
			name = "Supporting Files";
			sourceTree = "<group>";
		};
		C42BD39A1BCF673F00D841C0 /* iPhonePlists */ = {
			isa = PBXGroup;
			children = (
				C42BD39B1BCF674E00D841C0 /* JDState.plist */,
			);
			path = iPhonePlists;
			sourceTree = "<group>";
		};
/* End PBXGroup section */

/* Begin PBXNativeTarget section */
		C42BD3701BCF664C00D841C0 /* plist */ = {
			isa = PBXNativeTarget;
			buildConfigurationList = C42BD3941BCF664C00D841C0 /* Build configuration list for PBXNativeTarget "plist" */;
			buildPhases = (
				C42BD36D1BCF664C00D841C0 /* Sources */,
				C42BD36E1BCF664C00D841C0 /* Frameworks */,
				C42BD36F1BCF664C00D841C0 /* Resources */,
			);
			buildRules = (
			);
			dependencies = (
			);
			name = plist;
			productName = plist;
			productReference = C42BD3711BCF664C00D841C0 /* plist.app */;
			productType = "com.apple.product-type.application";
		};
		C42BD3891BCF664C00D841C0 /* plistTests */ = {
			isa = PBXNativeTarget;
			buildConfigurationList = C42BD3971BCF664C00D841C0 /* Build configuration list for PBXNativeTarget "plistTests" */;
			buildPhases = (
				C42BD3861BCF664C00D841C0 /* Sources */,
				C42BD3871BCF664C00D841C0 /* Frameworks */,
				C42BD3881BCF664C00D841C0 /* Resources */,
			);
			buildRules = (
			);
			dependencies = (
				C42BD38C1BCF664C00D841C0 /* PBXTargetDependency */,
			);
			name = plistTests;
			productName = plistTests;
			productReference = C42BD38A1BCF664C00D841C0 /* plistTests.xctest */;
			productType = "com.apple.product-type.bundle.unit-test";
		};
/* End PBXNativeTarget section */

/* Begin PBXProject section */
		C42BD3691BCF664C00D841C0 /* Project object */ = {
			isa = PBXProject;
			attributes = {
				LastUpgradeCheck = 0640;
				ORGANIZATIONNAME = "Shawn Li";
				TargetAttributes = {
					C42BD3701BCF664C00D841C0 = {
						CreatedOnToolsVersion = 6.4;
					};
					C42BD3891BCF664C00D841C0 = {
						CreatedOnToolsVersion = 6.4;
						TestTargetID = C42BD3701BCF664C00D841C0;
					};
				};
			};
			buildConfigurationList = C42BD36C1BCF664C00D841C0 /* Build configuration list for PBXProject "plist" */;
			compatibilityVersion = "Xcode 3.2";
			developmentRegion = English;
			hasScannedForEncodings = 0;
			knownRegions = (
				en,
				Base,
			);
			mainGroup = C42BD3681BCF664C00D841C0;
			productRefGroup = C42BD3721BCF664C00D841C0 /* Products */;
			projectDirPath = "";
			projectRoot = "";
			targets = (
				C42BD3701BCF664C00D841C0 /* plist */,
				C42BD3891BCF664C00D841C0 /* plistTests */,
			);
		};
/* End PBXProject section */

/* Begin PBXResourcesBuildPhase section */
		C42BD36F1BCF664C00D841C0 /* Resources */ = {
			isa = PBXResourcesBuildPhase;
			buildActionMask = 2147483647;
			files = (
				C42BD3801BCF664C00D841C0 /* Main.storyboard in Resources */,
				C42BD3851BCF664C00D841C0 /* LaunchScreen.xib in Resources */,
				C42BD39C1BCF674E00D841C0 /* JDState.plist in Resources */,
				C42BD3821BCF664C00D841C0 /* Images.xcassets in Resources */,
			);
			runOnlyForDeploymentPostprocessing = 0;
		};
		C42BD3881BCF664C00D841C0 /* Resources */ = {
			isa = PBXResourcesBuildPhase;
			buildActionMask = 2147483647;
			files = (
			);
			runOnlyForDeploymentPostprocessing = 0;
		};
/* End PBXResourcesBuildPhase section */

/* Begin PBXSourcesBuildPhase section */
		C42BD36D1BCF664C00D841C0 /* Sources */ = {
			isa = PBXSourcesBuildPhase;
			buildActionMask = 2147483647;
			files = (
				C42BD37D1BCF664C00D841C0 /* ViewController.m in Sources */,
				C42BD37A1BCF664C00D841C0 /* AppDelegate.m in Sources */,
				C42BD3771BCF664C00D841C0 /* main.m in Sources */,
			);
			runOnlyForDeploymentPostprocessing = 0;
		};
		C42BD3861BCF664C00D841C0 /* Sources */ = {
			isa = PBXSourcesBuildPhase;
			buildActionMask = 2147483647;
			files = (
				C42BD3911BCF664C00D841C0 /* plistTests.m in Sources */,
			);
			runOnlyForDeploymentPostprocessing = 0;
		};
/* End PBXSourcesBuildPhase section */

/* Begin PBXTargetDependency section */
		C42BD38C1BCF664C00D841C0 /* PBXTargetDependency */ = {
			isa = PBXTargetDependency;
			target = C42BD3701BCF664C00D841C0 /* plist */;
			targetProxy = C42BD38B1BCF664C00D841C0 /* PBXContainerItemProxy */;
		};
/* End PBXTargetDependency section */

/* Begin PBXVariantGroup section */
		C42BD37E1BCF664C00D841C0 /* Main.storyboard */ = {
			isa = PBXVariantGroup;
			children = (
				C42BD37F1BCF664C00D841C0 /* Base */,
			);
			name = Main.storyboard;
			sourceTree = "<group>";
		};
		C42BD3831BCF664C00D841C0 /* LaunchScreen.xib */ = {
			isa = PBXVariantGroup;
			children = (
				C42BD3841BCF664C00D841C0 /* Base */,
			);
			name = LaunchScreen.xib;
			sourceTree = "<group>";
		};
/* End PBXVariantGroup section */

/* Begin XCBuildConfiguration section */
		C42BD3921BCF664C00D841C0 /* Debug */ = {
			isa = XCBuildConfiguration;
			buildSettings = {
				ALWAYS_SEARCH_USER_PATHS = NO;
				CLANG_CXX_LANGUAGE_STANDARD = "gnu++0x";
				CLANG_CXX_LIBRARY = "libc++";
				CLANG_ENABLE_MODULES = YES;
				CLANG_ENABLE_OBJC_ARC = YES;
				CLANG_WARN_BOOL_CONVERSION = YES;
				CLANG_WARN_CONSTANT_CONVERSION = YES;
				CLANG_WARN_DIRECT_OBJC_ISA_USAGE = YES_ERROR;
				CLANG_WARN_EMPTY_BODY = YES;
				CLANG_WARN_ENUM_CONVERSION = YES;
				CLANG_WARN_INT_CONVERSION = YES;
				CLANG_WARN_OBJC_ROOT_CLASS = YES_ERROR;
				CLANG_WARN_UNREACHABLE_CODE = YES;
				CLANG_WARN__DUPLICATE_METHOD_MATCH = YES;
				"CODE_SIGN_IDENTITY[sdk=iphoneos*]" = "iPhone Developer";
				COPY_PHASE_STRIP = NO;
				DEBUG_INFORMATION_FORMAT = "dwarf-with-dsym";
				ENABLE_STRICT_OBJC_MSGSEND = YES;
				GCC_C_LANGUAGE_STANDARD = gnu99;
				GCC_DYNAMIC_NO_PIC = NO;
				GCC_NO_COMMON_BLOCKS = YES;
				GCC_OPTIMIZATION_LEVEL = 0;
				GCC_PREPROCESSOR_DEFINITIONS = (
					"DEBUG=1",
					"$(inherited)",
				);
				GCC_SYMBOLS_PRIVATE_EXTERN = NO;
				GCC_WARN_64_TO_32_BIT_CONVERSION = YES;
				GCC_WARN_ABOUT_RETURN_TYPE = YES_ERROR;
				GCC_WARN_UNDECLARED_SELECTOR = YES;
				GCC_WARN_UNINITIALIZED_AUTOS = YES_AGGRESSIVE;
				GCC_WARN_UNUSED_FUNCTION = YES;
				GCC_WARN_UNUSED_VARIABLE = YES;
				IPHONEOS_DEPLOYMENT_TARGET = 8.4;
				MTL_ENABLE_DEBUG_INFO = YES;
				ONLY_ACTIVE_ARCH = YES;
				SDKROOT = iphoneos;
			};
			name = Debug;
		};
		C42BD3931BCF664C00D841C0 /* Release */ = {
			isa = XCBuildConfiguration;
			buildSettings = {
				ALWAYS_SEARCH_USER_PATHS = NO;
				CLANG_CXX_LANGUAGE_STANDARD = "gnu++0x";
				CLANG_CXX_LIBRARY = "libc++";
				CLANG_ENABLE_MODULES = YES;
				CLANG_ENABLE_OBJC_ARC = YES;
				CLANG_WARN_BOOL_CONVERSION = YES;
				CLANG_WARN_CONSTANT_CONVERSION = YES;
				CLANG_WARN_DIRECT_OBJC_ISA_USAGE = YES_ERROR;
				CLANG_WARN_EMPTY_BODY = YES;
				CLANG_WARN_ENUM_CONVERSION = YES;
				CLANG_WARN_INT_CONVERSION = YES;
				CLANG_WARN_OBJC_ROOT_CLASS = YES_ERROR;
				CLANG_WARN_UNREACHABLE_CODE = YES;
				CLANG_WARN__DUPLICATE_METHOD_MATCH = YES;
				"CODE_SIGN_IDENTITY[sdk=iphoneos*]" = "iPhone Developer";
				COPY_PHASE_STRIP = NO;
				DEBUG_INFORMATION_FORMAT = "dwarf-with-dsym";
				ENABLE_NS_ASSERTIONS = NO;
				ENABLE_STRICT_OBJC_MSGSEND = YES;
				GCC_C_LANGUAGE_STANDARD = gnu99;
				GCC_NO_COMMON_BLOCKS = YES;
				GCC_WARN_64_TO_32_BIT_CONVERSION = YES;
				GCC_WARN_ABOUT_RETURN_TYPE = YES_ERROR;
				GCC_WARN_UNDECLARED_SELECTOR = YES;
				GCC_WARN_UNINITIALIZED_AUTOS = YES_AGGRESSIVE;
				GCC_WARN_UNUSED_FUNCTION = YES;
				GCC_WARN_UNUSED_VARIABLE = YES;
				IPHONEOS_DEPLOYMENT_TARGET = 8.4;
				MTL_ENABLE_DEBUG_INFO = NO;
				SDKROOT = iphoneos;
				VALIDATE_PRODUCT = YES;
			};
			name = Release;
		};
		C42BD3951BCF664C00D841C0 /* Debug */ = {
			isa = XCBuildConfiguration;
			buildSettings = {
				ASSETCATALOG_COMPILER_APPICON_NAME = AppIcon;
				INFOPLIST_FILE = plist/Info.plist;
				LD_RUNPATH_SEARCH_PATHS = "$(inherited) @executable_path/Frameworks";
				PRODUCT_NAME = "$(TARGET_NAME)";
			};
			name = Debug;
		};
		C42BD3961BCF664C00D841C0 /* Release */ = {
			isa = XCBuildConfiguration;
			buildSettings = {
				ASSETCATALOG_COMPILER_APPICON_NAME = AppIcon;
				INFOPLIST_FILE = plist/Info.plist;
				LD_RUNPATH_SEARCH_PATHS = "$(inherited) @executable_path/Frameworks";
				PRODUCT_NAME = "$(TARGET_NAME)";
			};
			name = Release;
		};
		C42BD3981BCF664C00D841C0 /* Debug */ = {
			isa = XCBuildConfiguration;
			buildSettings = {
				BUNDLE_LOADER = "$(TEST_HOST)";
				FRAMEWORK_SEARCH_PATHS = (
					"$(SDKROOT)/Developer/Library/Frameworks",
					"$(inherited)",
				);
				GCC_PREPROCESSOR_DEFINITIONS = (
					"DEBUG=1",
					"$(inherited)",
				);
				INFOPLIST_FILE = plistTests/Info.plist;
				LD_RUNPATH_SEARCH_PATHS = "$(inherited) @executable_path/Frameworks @loader_path/Frameworks";
				PRODUCT_NAME = "$(TARGET_NAME)";
				TEST_HOST = "$(BUILT_PRODUCTS_DIR)/plist.app/plist";
			};
			name = Debug;
		};
		C42BD3991BCF664C00D841C0 /* Release */ = {
			isa = XCBuildConfiguration;
			buildSettings = {
				BUNDLE_LOADER = "$(TEST_HOST)";
				FRAMEWORK_SEARCH_PATHS = (
					"$(SDKROOT)/Developer/Library/Frameworks",
					"$(inherited)",
				);
				INFOPLIST_FILE = plistTests/Info.plist;
				LD_RUNPATH_SEARCH_PATHS = "$(inherited) @executable_path/Frameworks @loader_path/Frameworks";
				PRODUCT_NAME = "$(TARGET_NAME)";
				TEST_HOST = "$(BUILT_PRODUCTS_DIR)/plist.app/plist";
			};
			name = Release;
		};
/* End XCBuildConfiguration section */

/* Begin XCConfigurationList section */
		C42BD36C1BCF664C00D841C0 /* Build configuration list for PBXProject "plist" */ = {
			isa = XCConfigurationList;
			buildConfigurations = (
				C42BD3921BCF664C00D841C0 /* Debug */,
				C42BD3931BCF664C00D841C0 /* Release */,
			);
			defaultConfigurationIsVisible = 0;
			defaultConfigurationName = Release;
		};
		C42BD3941BCF664C00D841C0 /* Build configuration list for PBXNativeTarget "plist" */ = {
			isa = XCConfigurationList;
			buildConfigurations = (
				C42BD3951BCF664C00D841C0 /* Debug */,
				C42BD3961BCF664C00D841C0 /* Release */,
			);
			defaultConfigurationIsVisible = 0;
			defaultConfigurationName = Release;
		};
		C42BD3971BCF664C00D841C0 /* Build configuration list for PBXNativeTarget "plistTests" */ = {
			isa = XCConfigurationList;
			buildConfigurations = (
				C42BD3981BCF664C00D841C0 /* Debug */,
				C42BD3991BCF664C00D841C0 /* Release */,
			);
			defaultConfigurationIsVisible = 0;
			defaultConfigurationName = Release;
		};
/* End XCConfigurationList section */
	};
	rootObject = C42BD3691BCF664C00D841C0 /* Project object */;
}
